
Microsoft Visual Studio Solution File, Format Version 12.00
# Visual Studio 2013
VisualStudioVersion = 12.0.30110.0
MinimumVisualStudioVersion = 10.0.40219.1
Project("{FAE04EC0-301F-11D3-BF4B-00C04F79EFBC}") = "adsbview", "adsbview\adsbview.csproj", "{1C71D70F-B46B-496A-8750-8A794CA5D7D0}"
EndProject
Project("{FAE04EC0-301F-11D3-BF4B-00C04F79EFBC}") = "adsbView-WPF", "adsbView-WPF\adsbView-WPF.csproj", "{B6430B44-2CAB-4072-8109-36F158A79908}"
EndProject
Global
	GlobalSection(SolutionConfigurationPlatforms) = preSolution
		Debug|Any CPU = Debug|Any CPU
		Release|Any CPU = Release|Any CPU
	EndGlobalSection
	GlobalSection(ProjectConfigurationPlatforms) = postSolution
		{1C71D70F-B46B-496A-8750-8A794CA5D7D0}.Debug|Any CPU.ActiveCfg = Debug|Any CPU
		{1C71D70F-B46B-496A-8750-8A794CA5D7D0}.Debug|Any CPU.Build.0 = Debug|Any CPU
		{1C71D70F-B46B-496A-8750-8A794CA5D7D0}.Release|Any CPU.ActiveCfg = Release|Any CPU
		{1C71D70F-B46B-496A-8750-8A794CA5D7D0}.Release|Any CPU.Build.0 = Release|Any CPU
		{B6430B44-2CAB-4072-8109-36F158A79908}.Debug|Any CPU.ActiveCfg = Debug|Any CPU
		{B6430B44-2CAB-4072-8109-36F158A79908}.Debug|Any CPU.Build.0 = Debug|Any CPU
		{B6430B44-2CAB-4072-8109-36F158A79908}.Release|Any CPU.ActiveCfg = Release|Any CPU
		{B6430B44-2CAB-4072-8109-36F158A79908}.Release|Any CPU.Build.0 = Release|Any CPU
	EndGlobalSection
	GlobalSection(SolutionProperties) = preSolution
		HideSolutionNode = FALSE
	EndGlobalSection
EndGlobal
